
Microsoft Visual Studio Solution File, Format Version 12.00
# Visual Studio 15
VisualStudioVersion = 15.0.27703.2042
MinimumVisualStudioVersion = 10.0.40219.1
Project("{FAE04EC0-301F-11D3-BF4B-00C04F79EFBC}") = "Race_v4", "Race_v4\Race_v4.csproj", "{BD3DE633-C81A-405A-B577-8A243C16B518}"
EndProject
Global
	GlobalSection(SolutionConfigurationPlatforms) = preSolution
		Debug|Any CPU = Debug|Any CPU
		Release|Any CPU = Release|Any CPU
	EndGlobalSection
	GlobalSection(ProjectConfigurationPlatforms) = postSolution
		{BD3DE633-C81A-405A-B577-8A243C16B518}.Debug|Any CPU.ActiveCfg = Debug|Any CPU
		{BD3DE633-C81A-405A-B577-8A243C16B518}.Debug|Any CPU.Build.0 = Debug|Any CPU
		{BD3DE633-C81A-405A-B577-8A243C16B518}.Release|Any CPU.ActiveCfg = Release|Any CPU
		{BD3DE633-C81A-405A-B577-8A243C16B518}.Release|Any CPU.Build.0 = Release|Any CPU
	EndGlobalSection
	GlobalSection(SolutionProperties) = preSolution
		HideSolutionNode = FALSE
	EndGlobalSection
	GlobalSection(ExtensibilityGlobals) = postSolution
		SolutionGuid = {C16C2407-2023-48DC-A53D-810210DF2E36}
	EndGlobalSection
EndGlobal
